// !$*UTF8*$!
{
	archiveVersion = 1;
	classes = {
	};
	objectVersion = 56;
	objects = {

/* Begin PBXBuildFile section */
		CCA18A922B8C394F00A2624C /* AppDelegate.swift in Sources */ = {isa = PBXBuildFile; fileRef = CCA18A912B8C394F00A2624C /* AppDelegate.swift */; };
		CCA18A942B8C394F00A2624C /* SceneDelegate.swift in Sources */ = {isa = PBXBuildFile; fileRef = CCA18A932B8C394F00A2624C /* SceneDelegate.swift */; };
		CCA18A962B8C394F00A2624C /* ViewController.swift in Sources */ = {isa = PBXBuildFile; fileRef = CCA18A952B8C394F00A2624C /* ViewController.swift */; };
		CCA18A992B8C394F00A2624C /* Main.storyboard in Resources */ = {isa = PBXBuildFile; fileRef = CCA18A972B8C394F00A2624C /* Main.storyboard */; };
		CCA18A9B2B8C395100A2624C /* Assets.xcassets in Resources */ = {isa = PBXBuildFile; fileRef = CCA18A9A2B8C395100A2624C /* Assets.xcassets */; };
		CCA18A9E2B8C395100A2624C /* LaunchScreen.storyboard in Resources */ = {isa = PBXBuildFile; fileRef = CCA18A9C2B8C395100A2624C /* LaunchScreen.storyboard */; };
		CCA18AA62B8C3B1C00A2624C /* Brands.swift in Sources */ = {isa = PBXBuildFile; fileRef = CCA18AA52B8C3B1C00A2624C /* Brands.swift */; };
		CCA18AA82B8C474000A2624C /* DescriptionView.swift in Sources */ = {isa = PBXBuildFile; fileRef = CCA18AA72B8C474000A2624C /* DescriptionView.swift */; };
		CCA18AAC2B8C597F00A2624C /* Descriptions.swift in Sources */ = {isa = PBXBuildFile; fileRef = CCA18AAB2B8C597F00A2624C /* Descriptions.swift */; };
/* End PBXBuildFile section */

/* Begin PBXFileReference section */
		CCA18A8E2B8C394F00A2624C /* TableviewApp.app */ = {isa = PBXFileReference; explicitFileType = wrapper.application; includeInIndex = 0; path = TableviewApp.app; sourceTree = BUILT_PRODUCTS_DIR; };
		CCA18A912B8C394F00A2624C /* AppDelegate.swift */ = {isa = PBXFileReference; lastKnownFileType = sourcecode.swift; path = AppDelegate.swift; sourceTree = "<group>"; };
		CCA18A932B8C394F00A2624C /* SceneDelegate.swift */ = {isa = PBXFileReference; lastKnownFileType = sourcecode.swift; path = SceneDelegate.swift; sourceTree = "<group>"; };
		CCA18A952B8C394F00A2624C /* ViewController.swift */ = {isa = PBXFileReference; lastKnownFileType = sourcecode.swift; path = ViewController.swift; sourceTree = "<group>"; };
		CCA18A982B8C394F00A2624C /* Base */ = {isa = PBXFileReference; lastKnownFileType = file.storyboard; name = Base; path = Base.lproj/Main.storyboard; sourceTree = "<group>"; };
		CCA18A9A2B8C395100A2624C /* Assets.xcassets */ = {isa = PBXFileReference; lastKnownFileType = folder.assetcatalog; path = Assets.xcassets; sourceTree = "<group>"; };
		CCA18A9D2B8C395100A2624C /* Base */ = {isa = PBXFileReference; lastKnownFileType = file.storyboard; name = Base; path = Base.lproj/LaunchScreen.storyboard; sourceTree = "<group>"; };
		CCA18A9F2B8C395100A2624C /* Info.plist */ = {isa = PBXFileReference; lastKnownFileType = text.plist.xml; path = Info.plist; sourceTree = "<group>"; };
		CCA18AA52B8C3B1C00A2624C /* Brands.swift */ = {isa = PBXFileReference; lastKnownFileType = sourcecode.swift; path = Brands.swift; sourceTree = "<group>"; };
		CCA18AA72B8C474000A2624C /* DescriptionView.swift */ = {isa = PBXFileReference; lastKnownFileType = sourcecode.swift; path = DescriptionView.swift; sourceTree = "<group>"; };
		CCA18AAB2B8C597F00A2624C /* Descriptions.swift */ = {isa = PBXFileReference; lastKnownFileType = sourcecode.swift; path = Descriptions.swift; sourceTree = "<group>"; };
/* End PBXFileReference section */

/* Begin PBXFrameworksBuildPhase section */
		CCA18A8B2B8C394F00A2624C /* Frameworks */ = {
			isa = PBXFrameworksBuildPhase;
			buildActionMask = 2147483647;
			files = (
			);
			runOnlyForDeploymentPostprocessing = 0;
		};
/* End PBXFrameworksBuildPhase section */

/* Begin PBXGroup section */
		CCA18A852B8C394F00A2624C = {
			isa = PBXGroup;
			children = (
				CCA18A902B8C394F00A2624C /* TableviewApp */,
				CCA18A8F2B8C394F00A2624C /* Products */,
			);
			sourceTree = "<group>";
		};
		CCA18A8F2B8C394F00A2624C /* Products */ = {
			isa = PBXGroup;
			children = (
				CCA18A8E2B8C394F00A2624C /* TableviewApp.app */,
			);
			name = Products;
			sourceTree = "<group>";
		};
		CCA18A902B8C394F00A2624C /* TableviewApp */ = {
			isa = PBXGroup;
			children = (
				CCA18A912B8C394F00A2624C /* AppDelegate.swift */,
				CCA18A932B8C394F00A2624C /* SceneDelegate.swift */,
				CCA18AAA2B8C48CA00A2624C /* Model */,
				CCA18AA92B8C48AE00A2624C /* View */,
				CCA18A972B8C394F00A2624C /* Main.storyboard */,
				CCA18A9A2B8C395100A2624C /* Assets.xcassets */,
				CCA18A9C2B8C395100A2624C /* LaunchScreen.storyboard */,
				CCA18A9F2B8C395100A2624C /* Info.plist */,
			);
			path = TableviewApp;
			sourceTree = "<group>";
		};
		CCA18AA92B8C48AE00A2624C /* View */ = {
			isa = PBXGroup;
			children = (
				CCA18A952B8C394F00A2624C /* ViewController.swift */,
				CCA18AA72B8C474000A2624C /* DescriptionView.swift */,
			);
			path = View;
			sourceTree = "<group>";
		};
		CCA18AAA2B8C48CA00A2624C /* Model */ = {
			isa = PBXGroup;
			children = (
				CCA18AA52B8C3B1C00A2624C /* Brands.swift */,
				CCA18AAB2B8C597F00A2624C /* Descriptions.swift */,
			);
			path = Model;
			sourceTree = "<group>";
		};
/* End PBXGroup section */

/* Begin PBXNativeTarget section */
		CCA18A8D2B8C394F00A2624C /* TableviewApp */ = {
			isa = PBXNativeTarget;
			buildConfigurationList = CCA18AA22B8C395100A2624C /* Build configuration list for PBXNativeTarget "TableviewApp" */;
			buildPhases = (
				CCA18A8A2B8C394F00A2624C /* Sources */,
				CCA18A8B2B8C394F00A2624C /* Frameworks */,
				CCA18A8C2B8C394F00A2624C /* Resources */,
			);
			buildRules = (
			);
			dependencies = (
			);
			name = TableviewApp;
			productName = TableviewApp;
			productReference = CCA18A8E2B8C394F00A2624C /* TableviewApp.app */;
			productType = "com.apple.product-type.application";
		};
/* End PBXNativeTarget section */

/* Begin PBXProject section */
		CCA18A862B8C394F00A2624C /* Project object */ = {
			isa = PBXProject;
			attributes = {
				BuildIndependentTargetsInParallel = 1;
				LastSwiftUpdateCheck = 1520;
				LastUpgradeCheck = 1520;
				TargetAttributes = {
					CCA18A8D2B8C394F00A2624C = {
						CreatedOnToolsVersion = 15.2;
					};
				};
			};
			buildConfigurationList = CCA18A892B8C394F00A2624C /* Build configuration list for PBXProject "TableviewApp" */;
			compatibilityVersion = "Xcode 14.0";
			developmentRegion = en;
			hasScannedForEncodings = 0;
			knownRegions = (
				en,
				Base,
			);
			mainGroup = CCA18A852B8C394F00A2624C;
			productRefGroup = CCA18A8F2B8C394F00A2624C /* Products */;
			projectDirPath = "";
			projectRoot = "";
			targets = (
				CCA18A8D2B8C394F00A2624C /* TableviewApp */,
			);
		};
/* End PBXProject section */

/* Begin PBXResourcesBuildPhase section */
		CCA18A8C2B8C394F00A2624C /* Resources */ = {
			isa = PBXResourcesBuildPhase;
			buildActionMask = 2147483647;
			files = (
				CCA18A9E2B8C395100A2624C /* LaunchScreen.storyboard in Resources */,
				CCA18A9B2B8C395100A2624C /* Assets.xcassets in Resources */,
				CCA18A992B8C394F00A2624C /* Main.storyboard in Resources */,
			);
			runOnlyForDeploymentPostprocessing = 0;
		};
/* End PBXResourcesBuildPhase section */

/* Begin PBXSourcesBuildPhase section */
		CCA18A8A2B8C394F00A2624C /* Sources */ = {
			isa = PBXSourcesBuildPhase;
			buildActionMask = 2147483647;
			files = (
				CCA18AAC2B8C597F00A2624C /* Descriptions.swift in Sources */,
				CCA18A962B8C394F00A2624C /* ViewController.swift in Sources */,
				CCA18AA62B8C3B1C00A2624C /* Brands.swift in Sources */,
				CCA18A922B8C394F00A2624C /* AppDelegate.swift in Sources */,
				CCA18A942B8C394F00A2624C /* SceneDelegate.swift in Sources */,
				CCA18AA82B8C474000A2624C /* DescriptionView.swift in Sources */,
			);
			runOnlyForDeploymentPostprocessing = 0;
		};
/* End PBXSourcesBuildPhase section */

/* Begin PBXVariantGroup section */
		CCA18A972B8C394F00A2624C /* Main.storyboard */ = {
			isa = PBXVariantGroup;
			children = (
				CCA18A982B8C394F00A2624C /* Base */,
			);
			name = Main.storyboard;
			sourceTree = "<group>";
		};
		CCA18A9C2B8C395100A2624C /* LaunchScreen.storyboard */ = {
			isa = PBXVariantGroup;
			children = (
				CCA18A9D2B8C395100A2624C /* Base */,
			);
			name = LaunchScreen.storyboard;
			sourceTree = "<group>";
		};
/* End PBXVariantGroup section */

/* Begin XCBuildConfiguration section */
		CCA18AA02B8C395100A2624C /* Debug */ = {
			isa = XCBuildConfiguration;
			buildSettings = {
				ALWAYS_SEARCH_USER_PATHS = NO;
				ASSETCATALOG_COMPILER_GENERATE_SWIFT_ASSET_SYMBOL_EXTENSIONS = YES;
				CLANG_ANALYZER_NONNULL = YES;
				CLANG_ANALYZER_NUMBER_OBJECT_CONVERSION = YES_AGGRESSIVE;
				CLANG_CXX_LANGUAGE_STANDARD = "gnu++20";
				CLANG_ENABLE_MODULES = YES;
				CLANG_ENABLE_OBJC_ARC = YES;
				CLANG_ENABLE_OBJC_WEAK = YES;
				CLANG_WARN_BLOCK_CAPTURE_AUTORELEASING = YES;
				CLANG_WARN_BOOL_CONVERSION = YES;
				CLANG_WARN_COMMA = YES;
				CLANG_WARN_CONSTANT_CONVERSION = YES;
				CLANG_WARN_DEPRECATED_OBJC_IMPLEMENTATIONS = YES;
				CLANG_WARN_DIRECT_OBJC_ISA_USAGE = YES_ERROR;
				CLANG_WARN_DOCUMENTATION_COMMENTS = YES;
				CLANG_WARN_EMPTY_BODY = YES;
				CLANG_WARN_ENUM_CONVERSION = YES;
				CLANG_WARN_INFINITE_RECURSION = YES;
				CLANG_WARN_INT_CONVERSION = YES;
				CLANG_WARN_NON_LITERAL_NULL_CONVERSION = YES;
				CLANG_WARN_OBJC_IMPLICIT_RETAIN_SELF = YES;
				CLANG_WARN_OBJC_LITERAL_CONVERSION = YES;
				CLANG_WARN_OBJC_ROOT_CLASS = YES_ERROR;
				CLANG_WARN_QUOTED_INCLUDE_IN_FRAMEWORK_HEADER = YES;
				CLANG_WARN_RANGE_LOOP_ANALYSIS = YES;
				CLANG_WARN_STRICT_PROTOTYPES = YES;
				CLANG_WARN_SUSPICIOUS_MOVE = YES;
				CLANG_WARN_UNGUARDED_AVAILABILITY = YES_AGGRESSIVE;
				CLANG_WARN_UNREACHABLE_CODE = YES;
				CLANG_WARN__DUPLICATE_METHOD_MATCH = YES;
				COPY_PHASE_STRIP = NO;
				DEBUG_INFORMATION_FORMAT = dwarf;
				ENABLE_STRICT_OBJC_MSGSEND = YES;
				ENABLE_TESTABILITY = YES;
				ENABLE_USER_SCRIPT_SANDBOXING = YES;
				GCC_C_LANGUAGE_STANDARD = gnu17;
				GCC_DYNAMIC_NO_PIC = NO;
				GCC_NO_COMMON_BLOCKS = YES;
				GCC_OPTIMIZATION_LEVEL = 0;
				GCC_PREPROCESSOR_DEFINITIONS = (
					"DEBUG=1",
					"$(inherited)",
				);
				GCC_WARN_64_TO_32_BIT_CONVERSION = YES;
				GCC_WARN_ABOUT_RETURN_TYPE = YES_ERROR;
				GCC_WARN_UNDECLARED_SELECTOR = YES;
				GCC_WARN_UNINITIALIZED_AUTOS = YES_AGGRESSIVE;
				GCC_WARN_UNUSED_FUNCTION = YES;
				GCC_WARN_UNUSED_VARIABLE = YES;
				IPHONEOS_DEPLOYMENT_TARGET = 17.2;
				LOCALIZATION_PREFERS_STRING_CATALOGS = YES;
				MTL_ENABLE_DEBUG_INFO = INCLUDE_SOURCE;
				MTL_FAST_MATH = YES;
				ONLY_ACTIVE_ARCH = YES;
				SDKROOT = iphoneos;
				SWIFT_ACTIVE_COMPILATION_CONDITIONS = "DEBUG $(inherited)";
				SWIFT_OPTIMIZATION_LEVEL = "-Onone";
			};
			name = Debug;
		};
		CCA18AA12B8C395100A2624C /* Release */ = {
			isa = XCBuildConfiguration;
			buildSettings = {
				ALWAYS_SEARCH_USER_PATHS = NO;
				ASSETCATALOG_COMPILER_GENERATE_SWIFT_ASSET_SYMBOL_EXTENSIONS = YES;
				CLANG_ANALYZER_NONNULL = YES;
				CLANG_ANALYZER_NUMBER_OBJECT_CONVERSION = YES_AGGRESSIVE;
				CLANG_CXX_LANGUAGE_STANDARD = "gnu++20";
				CLANG_ENABLE_MODULES = YES;
				CLANG_ENABLE_OBJC_ARC = YES;
				CLANG_ENABLE_OBJC_WEAK = YES;
				CLANG_WARN_BLOCK_CAPTURE_AUTORELEASING = YES;
				CLANG_WARN_BOOL_CONVERSION = YES;
				CLANG_WARN_COMMA = YES;
				CLANG_WARN_CONSTANT_CONVERSION = YES;
				CLANG_WARN_DEPRECATED_OBJC_IMPLEMENTATIONS = YES;
				CLANG_WARN_DIRECT_OBJC_ISA_USAGE = YES_ERROR;
				CLANG_WARN_DOCUMENTATION_COMMENTS = YES;
				CLANG_WARN_EMPTY_BODY = YES;
				CLANG_WARN_ENUM_CONVERSION = YES;
				CLANG_WARN_INFINITE_RECURSION = YES;
				CLANG_WARN_INT_CONVERSION = YES;
				CLANG_WARN_NON_LITERAL_NULL_CONVERSION = YES;
				CLANG_WARN_OBJC_IMPLICIT_RETAIN_SELF = YES;
				CLANG_WARN_OBJC_LITERAL_CONVERSION = YES;
				CLANG_WARN_OBJC_ROOT_CLASS = YES_ERROR;
				CLANG_WARN_QUOTED_INCLUDE_IN_FRAMEWORK_HEADER = YES;
				CLANG_WARN_RANGE_LOOP_ANALYSIS = YES;
				CLANG_WARN_STRICT_PROTOTYPES = YES;
				CLANG_WARN_SUSPICIOUS_MOVE = YES;
				CLANG_WARN_UNGUARDED_AVAILABILITY = YES_AGGRESSIVE;
				CLANG_WARN_UNREACHABLE_CODE = YES;
				CLANG_WARN__DUPLICATE_METHOD_MATCH = YES;
				COPY_PHASE_STRIP = NO;
				DEBUG_INFORMATION_FORMAT = "dwarf-with-dsym";
				ENABLE_NS_ASSERTIONS = NO;
				ENABLE_STRICT_OBJC_MSGSEND = YES;
				ENABLE_USER_SCRIPT_SANDBOXING = YES;
				GCC_C_LANGUAGE_STANDARD = gnu17;
				GCC_NO_COMMON_BLOCKS = YES;
				GCC_WARN_64_TO_32_BIT_CONVERSION = YES;
				GCC_WARN_ABOUT_RETURN_TYPE = YES_ERROR;
				GCC_WARN_UNDECLARED_SELECTOR = YES;
				GCC_WARN_UNINITIALIZED_AUTOS = YES_AGGRESSIVE;
				GCC_WARN_UNUSED_FUNCTION = YES;
				GCC_WARN_UNUSED_VARIABLE = YES;
				IPHONEOS_DEPLOYMENT_TARGET = 17.2;
				LOCALIZATION_PREFERS_STRING_CATALOGS = YES;
				MTL_ENABLE_DEBUG_INFO = NO;
				MTL_FAST_MATH = YES;
				SDKROOT = iphoneos;
				SWIFT_COMPILATION_MODE = wholemodule;
				VALIDATE_PRODUCT = YES;
			};
			name = Release;
		};
		CCA18AA32B8C395100A2624C /* Debug */ = {
			isa = XCBuildConfiguration;
			buildSettings = {
				ASSETCATALOG_COMPILER_APPICON_NAME = AppIcon;
				ASSETCATALOG_COMPILER_GLOBAL_ACCENT_COLOR_NAME = AccentColor;
				CODE_SIGN_STYLE = Automatic;
				CURRENT_PROJECT_VERSION = 1;
				GENERATE_INFOPLIST_FILE = YES;
				INFOPLIST_FILE = TableviewApp/Info.plist;
				INFOPLIST_KEY_UIApplicationSupportsIndirectInputEvents = YES;
				INFOPLIST_KEY_UILaunchStoryboardName = LaunchScreen;
				INFOPLIST_KEY_UIMainStoryboardFile = Main;
				INFOPLIST_KEY_UISupportedInterfaceOrientations_iPad = "UIInterfaceOrientationPortrait UIInterfaceOrientationPortraitUpsideDown UIInterfaceOrientationLandscapeLeft UIInterfaceOrientationLandscapeRight";
				INFOPLIST_KEY_UISupportedInterfaceOrientations_iPhone = "UIInterfaceOrientationPortrait UIInterfaceOrientationLandscapeLeft UIInterfaceOrientationLandscapeRight";
				IPHONEOS_DEPLOYMENT_TARGET = 16.2;
				LD_RUNPATH_SEARCH_PATHS = (
					"$(inherited)",
					"@executable_path/Frameworks",
				);
				MARKETING_VERSION = 1.0;
				PRODUCT_BUNDLE_IDENTIFIER = auburn.edu.TableviewApp;
				PRODUCT_NAME = "$(TARGET_NAME)";
				SWIFT_EMIT_LOC_STRINGS = YES;
				SWIFT_VERSION = 5.0;
				TARGETED_DEVICE_FAMILY = "1,2";
			};
			name = Debug;
		};
		CCA18AA42B8C395100A2624C /* Release */ = {
			isa = XCBuildConfiguration;
			buildSettings = {
				ASSETCATALOG_COMPILER_APPICON_NAME = AppIcon;
				ASSETCATALOG_COMPILER_GLOBAL_ACCENT_COLOR_NAME = AccentColor;
				CODE_SIGN_STYLE = Automatic;
				CURRENT_PROJECT_VERSION = 1;
				GENERATE_INFOPLIST_FILE = YES;
				INFOPLIST_FILE = TableviewApp/Info.plist;
				INFOPLIST_KEY_UIApplicationSupportsIndirectInputEvents = YES;
				INFOPLIST_KEY_UILaunchStoryboardName = LaunchScreen;
				INFOPLIST_KEY_UIMainStoryboardFile = Main;
				INFOPLIST_KEY_UISupportedInterfaceOrientations_iPad = "UIInterfaceOrientationPortrait UIInterfaceOrientationPortraitUpsideDown UIInterfaceOrientationLandscapeLeft UIInterfaceOrientationLandscapeRight";
				INFOPLIST_KEY_UISupportedInterfaceOrientations_iPhone = "UIInterfaceOrientationPortrait UIInterfaceOrientationLandscapeLeft UIInterfaceOrientationLandscapeRight";
				IPHONEOS_DEPLOYMENT_TARGET = 16.2;
				LD_RUNPATH_SEARCH_PATHS = (
					"$(inherited)",
					"@executable_path/Frameworks",
				);
				MARKETING_VERSION = 1.0;
				PRODUCT_BUNDLE_IDENTIFIER = auburn.edu.TableviewApp;
				PRODUCT_NAME = "$(TARGET_NAME)";
				SWIFT_EMIT_LOC_STRINGS = YES;
				SWIFT_VERSION = 5.0;
				TARGETED_DEVICE_FAMILY = "1,2";
			};
			name = Release;
		};
/* End XCBuildConfiguration section */

/* Begin XCConfigurationList section */
		CCA18A892B8C394F00A2624C /* Build configuration list for PBXProject "TableviewApp" */ = {
			isa = XCConfigurationList;
			buildConfigurations = (
				CCA18AA02B8C395100A2624C /* Debug */,
				CCA18AA12B8C395100A2624C /* Release */,
			);
			defaultConfigurationIsVisible = 0;
			defaultConfigurationName = Release;
		};
		CCA18AA22B8C395100A2624C /* Build configuration list for PBXNativeTarget "TableviewApp" */ = {
			isa = XCConfigurationList;
			buildConfigurations = (
				CCA18AA32B8C395100A2624C /* Debug */,
				CCA18AA42B8C395100A2624C /* Release */,
			);
			defaultConfigurationIsVisible = 0;
			defaultConfigurationName = Release;
		};
/* End XCConfigurationList section */
	};
	rootObject = CCA18A862B8C394F00A2624C /* Project object */;
}
